
Microsoft Visual Studio Solution File, Format Version 12.00
# Visual Studio Version 17
VisualStudioVersion = 17.3.32929.385
MinimumVisualStudioVersion = 10.0.40219.1
Project("{FAE04EC0-301F-11D3-BF4B-00C04F79EFBC}") = "Scan Test Program", "Scan Test Program.csproj", "{0BA3B17E-C3AB-4680-B09E-B7EFD59983A9}"
EndProject
Global
	GlobalSection(SolutionConfigurationPlatforms) = preSolution
		Debug|Any CPU = Debug|Any CPU
		Release|Any CPU = Release|Any CPU
	EndGlobalSection
	GlobalSection(ProjectConfigurationPlatforms) = postSolution
		{0BA3B17E-C3AB-4680-B09E-B7EFD59983A9}.Debug|Any CPU.ActiveCfg = Debug|Any CPU
		{0BA3B17E-C3AB-4680-B09E-B7EFD59983A9}.Debug|Any CPU.Build.0 = Debug|Any CPU
		{0BA3B17E-C3AB-4680-B09E-B7EFD59983A9}.Release|Any CPU.ActiveCfg = Release|Any CPU
		{0BA3B17E-C3AB-4680-B09E-B7EFD59983A9}.Release|Any CPU.Build.0 = Release|Any CPU
	EndGlobalSection
	GlobalSection(SolutionProperties) = preSolution
		HideSolutionNode = FALSE
	EndGlobalSection
	GlobalSection(ExtensibilityGlobals) = postSolution
		SolutionGuid = {B0B97D1F-9AE2-42C2-A8A1-34713C093321}
	EndGlobalSection
EndGlobal
